
Microsoft Visual Studio Solution File, Format Version 12.00
# Visual Studio 15
VisualStudioVersion = 15.0.28307.329
MinimumVisualStudioVersion = 10.0.40219.1
Project("{FAE04EC0-301F-11D3-BF4B-00C04F79EFBC}") = "mvcPHONE", "mvcPHONE\mvcPHONE.csproj", "{26F34501-B436-4244-84BD-8CD9030037BB}"
EndProject
Project("{FAE04EC0-301F-11D3-BF4B-00C04F79EFBC}") = "ApiPhone", "ApiPhone\ApiPhone.csproj", "{955112E4-5B91-4CEC-B73F-DE2B349C7BB9}"
EndProject
Project("{FAE04EC0-301F-11D3-BF4B-00C04F79EFBC}") = "AppPhone.Android", "AppPhone\AppPhone.Android\AppPhone.Android.csproj", "{6E451868-9FA4-4689-8988-2817438A2AA3}"
EndProject
Project("{FAE04EC0-301F-11D3-BF4B-00C04F79EFBC}") = "AppPhone.iOS", "AppPhone\AppPhone.iOS\AppPhone.iOS.csproj", "{DEAF0481-805A-432F-BB68-467B579A4889}"
EndProject
Project("{FAE04EC0-301F-11D3-BF4B-00C04F79EFBC}") = "AppPhone", "AppPhone\AppPhone\AppPhone.csproj", "{AA300FC9-38B4-45BD-91E0-4EE133A78925}"
EndProject
Global
	GlobalSection(SolutionConfigurationPlatforms) = preSolution
		Ad-Hoc|Any CPU = Ad-Hoc|Any CPU
		Ad-Hoc|iPhone = Ad-Hoc|iPhone
		Ad-Hoc|iPhoneSimulator = Ad-Hoc|iPhoneSimulator
		AppStore|Any CPU = AppStore|Any CPU
		AppStore|iPhone = AppStore|iPhone
		AppStore|iPhoneSimulator = AppStore|iPhoneSimulator
		Debug|Any CPU = Debug|Any CPU
		Debug|iPhone = Debug|iPhone
		Debug|iPhoneSimulator = Debug|iPhoneSimulator
		Release|Any CPU = Release|Any CPU
		Release|iPhone = Release|iPhone
		Release|iPhoneSimulator = Release|iPhoneSimulator
	EndGlobalSection
	GlobalSection(ProjectConfigurationPlatforms) = postSolution
		{26F34501-B436-4244-84BD-8CD9030037BB}.Ad-Hoc|Any CPU.ActiveCfg = Release|Any CPU
		{26F34501-B436-4244-84BD-8CD9030037BB}.Ad-Hoc|Any CPU.Build.0 = Release|Any CPU
		{26F34501-B436-4244-84BD-8CD9030037BB}.Ad-Hoc|iPhone.ActiveCfg = Release|Any CPU
		{26F34501-B436-4244-84BD-8CD9030037BB}.Ad-Hoc|iPhone.Build.0 = Release|Any CPU
		{26F34501-B436-4244-84BD-8CD9030037BB}.Ad-Hoc|iPhoneSimulator.ActiveCfg = Release|Any CPU
		{26F34501-B436-4244-84BD-8CD9030037BB}.Ad-Hoc|iPhoneSimulator.Build.0 = Release|Any CPU
		{26F34501-B436-4244-84BD-8CD9030037BB}.AppStore|Any CPU.ActiveCfg = Release|Any CPU
		{26F34501-B436-4244-84BD-8CD9030037BB}.AppStore|Any CPU.Build.0 = Release|Any CPU
		{26F34501-B436-4244-84BD-8CD9030037BB}.AppStore|iPhone.ActiveCfg = Release|Any CPU
		{26F34501-B436-4244-84BD-8CD9030037BB}.AppStore|iPhone.Build.0 = Release|Any CPU
		{26F34501-B436-4244-84BD-8CD9030037BB}.AppStore|iPhoneSimulator.ActiveCfg = Release|Any CPU
		{26F34501-B436-4244-84BD-8CD9030037BB}.AppStore|iPhoneSimulator.Build.0 = Release|Any CPU
		{26F34501-B436-4244-84BD-8CD9030037BB}.Debug|Any CPU.ActiveCfg = Debug|Any CPU
		{26F34501-B436-4244-84BD-8CD9030037BB}.Debug|Any CPU.Build.0 = Debug|Any CPU
		{26F34501-B436-4244-84BD-8CD9030037BB}.Debug|iPhone.ActiveCfg = Debug|Any CPU
		{26F34501-B436-4244-84BD-8CD9030037BB}.Debug|iPhone.Build.0 = Debug|Any CPU
		{26F34501-B436-4244-84BD-8CD9030037BB}.Debug|iPhoneSimulator.ActiveCfg = Debug|Any CPU
		{26F34501-B436-4244-84BD-8CD9030037BB}.Debug|iPhoneSimulator.Build.0 = Debug|Any CPU
		{26F34501-B436-4244-84BD-8CD9030037BB}.Release|Any CPU.ActiveCfg = Release|Any CPU
		{26F34501-B436-4244-84BD-8CD9030037BB}.Release|Any CPU.Build.0 = Release|Any CPU
		{26F34501-B436-4244-84BD-8CD9030037BB}.Release|iPhone.ActiveCfg = Release|Any CPU
		{26F34501-B436-4244-84BD-8CD9030037BB}.Release|iPhone.Build.0 = Release|Any CPU
		{26F34501-B436-4244-84BD-8CD9030037BB}.Release|iPhoneSimulator.ActiveCfg = Release|Any CPU
		{26F34501-B436-4244-84BD-8CD9030037BB}.Release|iPhoneSimulator.Build.0 = Release|Any CPU
		{955112E4-5B91-4CEC-B73F-DE2B349C7BB9}.Ad-Hoc|Any CPU.ActiveCfg = Release|Any CPU
		{955112E4-5B91-4CEC-B73F-DE2B349C7BB9}.Ad-Hoc|Any CPU.Build.0 = Release|Any CPU
		{955112E4-5B91-4CEC-B73F-DE2B349C7BB9}.Ad-Hoc|iPhone.ActiveCfg = Release|Any CPU
		{955112E4-5B91-4CEC-B73F-DE2B349C7BB9}.Ad-Hoc|iPhone.Build.0 = Release|Any CPU
		{955112E4-5B91-4CEC-B73F-DE2B349C7BB9}.Ad-Hoc|iPhoneSimulator.ActiveCfg = Release|Any CPU
		{955112E4-5B91-4CEC-B73F-DE2B349C7BB9}.Ad-Hoc|iPhoneSimulator.Build.0 = Release|Any CPU
		{955112E4-5B91-4CEC-B73F-DE2B349C7BB9}.AppStore|Any CPU.ActiveCfg = Release|Any CPU
		{955112E4-5B91-4CEC-B73F-DE2B349C7BB9}.AppStore|Any CPU.Build.0 = Release|Any CPU
		{955112E4-5B91-4CEC-B73F-DE2B349C7BB9}.AppStore|iPhone.ActiveCfg = Release|Any CPU
		{955112E4-5B91-4CEC-B73F-DE2B349C7BB9}.AppStore|iPhone.Build.0 = Release|Any CPU
		{955112E4-5B91-4CEC-B73F-DE2B349C7BB9}.AppStore|iPhoneSimulator.ActiveCfg = Release|Any CPU
		{955112E4-5B91-4CEC-B73F-DE2B349C7BB9}.AppStore|iPhoneSimulator.Build.0 = Release|Any CPU
		{955112E4-5B91-4CEC-B73F-DE2B349C7BB9}.Debug|Any CPU.ActiveCfg = Debug|Any CPU
		{955112E4-5B91-4CEC-B73F-DE2B349C7BB9}.Debug|Any CPU.Build.0 = Debug|Any CPU
		{955112E4-5B91-4CEC-B73F-DE2B349C7BB9}.Debug|iPhone.ActiveCfg = Debug|Any CPU
		{955112E4-5B91-4CEC-B73F-DE2B349C7BB9}.Debug|iPhone.Build.0 = Debug|Any CPU
		{955112E4-5B91-4CEC-B73F-DE2B349C7BB9}.Debug|iPhoneSimulator.ActiveCfg = Debug|Any CPU
		{955112E4-5B91-4CEC-B73F-DE2B349C7BB9}.Debug|iPhoneSimulator.Build.0 = Debug|Any CPU
		{955112E4-5B91-4CEC-B73F-DE2B349C7BB9}.Release|Any CPU.ActiveCfg = Release|Any CPU
		{955112E4-5B91-4CEC-B73F-DE2B349C7BB9}.Release|Any CPU.Build.0 = Release|Any CPU
		{955112E4-5B91-4CEC-B73F-DE2B349C7BB9}.Release|iPhone.ActiveCfg = Release|Any CPU
		{955112E4-5B91-4CEC-B73F-DE2B349C7BB9}.Release|iPhone.Build.0 = Release|Any CPU
		{955112E4-5B91-4CEC-B73F-DE2B349C7BB9}.Release|iPhoneSimulator.ActiveCfg = Release|Any CPU
		{955112E4-5B91-4CEC-B73F-DE2B349C7BB9}.Release|iPhoneSimulator.Build.0 = Release|Any CPU
		{6E451868-9FA4-4689-8988-2817438A2AA3}.Ad-Hoc|Any CPU.ActiveCfg = Release|Any CPU
		{6E451868-9FA4-4689-8988-2817438A2AA3}.Ad-Hoc|Any CPU.Build.0 = Release|Any CPU
		{6E451868-9FA4-4689-8988-2817438A2AA3}.Ad-Hoc|Any CPU.Deploy.0 = Release|Any CPU
		{6E451868-9FA4-4689-8988-2817438A2AA3}.Ad-Hoc|iPhone.ActiveCfg = Release|Any CPU
		{6E451868-9FA4-4689-8988-2817438A2AA3}.Ad-Hoc|iPhone.Build.0 = Release|Any CPU
		{6E451868-9FA4-4689-8988-2817438A2AA3}.Ad-Hoc|iPhone.Deploy.0 = Release|Any CPU
		{6E451868-9FA4-4689-8988-2817438A2AA3}.Ad-Hoc|iPhoneSimulator.ActiveCfg = Release|Any CPU
		{6E451868-9FA4-4689-8988-2817438A2AA3}.Ad-Hoc|iPhoneSimulator.Build.0 = Release|Any CPU
		{6E451868-9FA4-4689-8988-2817438A2AA3}.Ad-Hoc|iPhoneSimulator.Deploy.0 = Release|Any CPU
		{6E451868-9FA4-4689-8988-2817438A2AA3}.AppStore|Any CPU.ActiveCfg = Release|Any CPU
		{6E451868-9FA4-4689-8988-2817438A2AA3}.AppStore|Any CPU.Build.0 = Release|Any CPU
		{6E451868-9FA4-4689-8988-2817438A2AA3}.AppStore|Any CPU.Deploy.0 = Release|Any CPU
		{6E451868-9FA4-4689-8988-2817438A2AA3}.AppStore|iPhone.ActiveCfg = Release|Any CPU
		{6E451868-9FA4-4689-8988-2817438A2AA3}.AppStore|iPhone.Build.0 = Release|Any CPU
		{6E451868-9FA4-4689-8988-2817438A2AA3}.AppStore|iPhone.Deploy.0 = Release|Any CPU
		{6E451868-9FA4-4689-8988-2817438A2AA3}.AppStore|iPhoneSimulator.ActiveCfg = Release|Any CPU
		{6E451868-9FA4-4689-8988-2817438A2AA3}.AppStore|iPhoneSimulator.Build.0 = Release|Any CPU
		{6E451868-9FA4-4689-8988-2817438A2AA3}.AppStore|iPhoneSimulator.Deploy.0 = Release|Any CPU
		{6E451868-9FA4-4689-8988-2817438A2AA3}.Debug|Any CPU.ActiveCfg = Debug|Any CPU
		{6E451868-9FA4-4689-8988-2817438A2AA3}.Debug|Any CPU.Build.0 = Debug|Any CPU
		{6E451868-9FA4-4689-8988-2817438A2AA3}.Debug|Any CPU.Deploy.0 = Debug|Any CPU
		{6E451868-9FA4-4689-8988-2817438A2AA3}.Debug|iPhone.ActiveCfg = Debug|Any CPU
		{6E451868-9FA4-4689-8988-2817438A2AA3}.Debug|iPhone.Build.0 = Debug|Any CPU
		{6E451868-9FA4-4689-8988-2817438A2AA3}.Debug|iPhone.Deploy.0 = Debug|Any CPU
		{6E451868-9FA4-4689-8988-2817438A2AA3}.Debug|iPhoneSimulator.ActiveCfg = Debug|Any CPU
		{6E451868-9FA4-4689-8988-2817438A2AA3}.Debug|iPhoneSimulator.Build.0 = Debug|Any CPU
		{6E451868-9FA4-4689-8988-2817438A2AA3}.Debug|iPhoneSimulator.Deploy.0 = Debug|Any CPU
		{6E451868-9FA4-4689-8988-2817438A2AA3}.Release|Any CPU.ActiveCfg = Release|Any CPU
		{6E451868-9FA4-4689-8988-2817438A2AA3}.Release|Any CPU.Build.0 = Release|Any CPU
		{6E451868-9FA4-4689-8988-2817438A2AA3}.Release|Any CPU.Deploy.0 = Release|Any CPU
		{6E451868-9FA4-4689-8988-2817438A2AA3}.Release|iPhone.ActiveCfg = Release|Any CPU
		{6E451868-9FA4-4689-8988-2817438A2AA3}.Release|iPhone.Build.0 = Release|Any CPU
		{6E451868-9FA4-4689-8988-2817438A2AA3}.Release|iPhone.Deploy.0 = Release|Any CPU
		{6E451868-9FA4-4689-8988-2817438A2AA3}.Release|iPhoneSimulator.ActiveCfg = Release|Any CPU
		{6E451868-9FA4-4689-8988-2817438A2AA3}.Release|iPhoneSimulator.Build.0 = Release|Any CPU
		{6E451868-9FA4-4689-8988-2817438A2AA3}.Release|iPhoneSimulator.Deploy.0 = Release|Any CPU
		{DEAF0481-805A-432F-BB68-467B579A4889}.Ad-Hoc|Any CPU.ActiveCfg = Ad-Hoc|iPhone
		{DEAF0481-805A-432F-BB68-467B579A4889}.Ad-Hoc|iPhone.ActiveCfg = Ad-Hoc|iPhone
		{DEAF0481-805A-432F-BB68-467B579A4889}.Ad-Hoc|iPhone.Build.0 = Ad-Hoc|iPhone
		{DEAF0481-805A-432F-BB68-467B579A4889}.Ad-Hoc|iPhoneSimulator.ActiveCfg = Ad-Hoc|iPhoneSimulator
		{DEAF0481-805A-432F-BB68-467B579A4889}.Ad-Hoc|iPhoneSimulator.Build.0 = Ad-Hoc|iPhoneSimulator
		{DEAF0481-805A-432F-BB68-467B579A4889}.AppStore|Any CPU.ActiveCfg = AppStore|iPhone
		{DEAF0481-805A-432F-BB68-467B579A4889}.AppStore|iPhone.ActiveCfg = AppStore|iPhone
		{DEAF0481-805A-432F-BB68-467B579A4889}.AppStore|iPhone.Build.0 = AppStore|iPhone
		{DEAF0481-805A-432F-BB68-467B579A4889}.AppStore|iPhoneSimulator.ActiveCfg = AppStore|iPhoneSimulator
		{DEAF0481-805A-432F-BB68-467B579A4889}.AppStore|iPhoneSimulator.Build.0 = AppStore|iPhoneSimulator
		{DEAF0481-805A-432F-BB68-467B579A4889}.Debug|Any CPU.ActiveCfg = Debug|iPhone
		{DEAF0481-805A-432F-BB68-467B579A4889}.Debug|iPhone.ActiveCfg = Debug|iPhone
		{DEAF0481-805A-432F-BB68-467B579A4889}.Debug|iPhone.Build.0 = Debug|iPhone
		{DEAF0481-805A-432F-BB68-467B579A4889}.Debug|iPhoneSimulator.ActiveCfg = Debug|iPhoneSimulator
		{DEAF0481-805A-432F-BB68-467B579A4889}.Debug|iPhoneSimulator.Build.0 = Debug|iPhoneSimulator
		{DEAF0481-805A-432F-BB68-467B579A4889}.Release|Any CPU.ActiveCfg = Release|iPhone
		{DEAF0481-805A-432F-BB68-467B579A4889}.Release|iPhone.ActiveCfg = Release|iPhone
		{DEAF0481-805A-432F-BB68-467B579A4889}.Release|iPhone.Build.0 = Release|iPhone
		{DEAF0481-805A-432F-BB68-467B579A4889}.Release|iPhoneSimulator.ActiveCfg = Release|iPhoneSimulator
		{DEAF0481-805A-432F-BB68-467B579A4889}.Release|iPhoneSimulator.Build.0 = Release|iPhoneSimulator
		{AA300FC9-38B4-45BD-91E0-4EE133A78925}.Ad-Hoc|Any CPU.ActiveCfg = Debug|Any CPU
		{AA300FC9-38B4-45BD-91E0-4EE133A78925}.Ad-Hoc|Any CPU.Build.0 = Debug|Any CPU
		{AA300FC9-38B4-45BD-91E0-4EE133A78925}.Ad-Hoc|iPhone.ActiveCfg = Debug|Any CPU
		{AA300FC9-38B4-45BD-91E0-4EE133A78925}.Ad-Hoc|iPhone.Build.0 = Debug|Any CPU
		{AA300FC9-38B4-45BD-91E0-4EE133A78925}.Ad-Hoc|iPhoneSimulator.ActiveCfg = Debug|Any CPU
		{AA300FC9-38B4-45BD-91E0-4EE133A78925}.Ad-Hoc|iPhoneSimulator.Build.0 = Debug|Any CPU
		{AA300FC9-38B4-45BD-91E0-4EE133A78925}.AppStore|Any CPU.ActiveCfg = Debug|Any CPU
		{AA300FC9-38B4-45BD-91E0-4EE133A78925}.AppStore|Any CPU.Build.0 = Debug|Any CPU
		{AA300FC9-38B4-45BD-91E0-4EE133A78925}.AppStore|iPhone.ActiveCfg = Debug|Any CPU
		{AA300FC9-38B4-45BD-91E0-4EE133A78925}.AppStore|iPhone.Build.0 = Debug|Any CPU
		{AA300FC9-38B4-45BD-91E0-4EE133A78925}.AppStore|iPhoneSimulator.ActiveCfg = Debug|Any CPU
		{AA300FC9-38B4-45BD-91E0-4EE133A78925}.AppStore|iPhoneSimulator.Build.0 = Debug|Any CPU
		{AA300FC9-38B4-45BD-91E0-4EE133A78925}.Debug|Any CPU.ActiveCfg = Debug|Any CPU
		{AA300FC9-38B4-45BD-91E0-4EE133A78925}.Debug|Any CPU.Build.0 = Debug|Any CPU
		{AA300FC9-38B4-45BD-91E0-4EE133A78925}.Debug|iPhone.ActiveCfg = Debug|Any CPU
		{AA300FC9-38B4-45BD-91E0-4EE133A78925}.Debug|iPhone.Build.0 = Debug|Any CPU
		{AA300FC9-38B4-45BD-91E0-4EE133A78925}.Debug|iPhoneSimulator.ActiveCfg = Debug|Any CPU
		{AA300FC9-38B4-45BD-91E0-4EE133A78925}.Debug|iPhoneSimulator.Build.0 = Debug|Any CPU
		{AA300FC9-38B4-45BD-91E0-4EE133A78925}.Release|Any CPU.ActiveCfg = Release|Any CPU
		{AA300FC9-38B4-45BD-91E0-4EE133A78925}.Release|Any CPU.Build.0 = Release|Any CPU
		{AA300FC9-38B4-45BD-91E0-4EE133A78925}.Release|iPhone.ActiveCfg = Release|Any CPU
		{AA300FC9-38B4-45BD-91E0-4EE133A78925}.Release|iPhone.Build.0 = Release|Any CPU
		{AA300FC9-38B4-45BD-91E0-4EE133A78925}.Release|iPhoneSimulator.ActiveCfg = Release|Any CPU
		{AA300FC9-38B4-45BD-91E0-4EE133A78925}.Release|iPhoneSimulator.Build.0 = Release|Any CPU
	EndGlobalSection
	GlobalSection(SolutionProperties) = preSolution
		HideSolutionNode = FALSE
	EndGlobalSection
	GlobalSection(ExtensibilityGlobals) = postSolution
		SolutionGuid = {41EB4AC9-B995-4308-9F52-1451A3A85DAA}
	EndGlobalSection
EndGlobal
